
Microsoft Visual Studio Solution File, Format Version 12.00
# Visual Studio Version 17
VisualStudioVersion = 17.14.37111.16 d17.14
MinimumVisualStudioVersion = 10.0.40219.1
Project("{FAE04EC0-301F-11D3-BF4B-00C04F79EFBC}") = "TaskBoard", "TaskBoard\TaskBoard.csproj", "{136653B3-4FA1-4CBF-8B9D-C40BAC88CDC9}"
EndProject
Project("{FAE04EC0-301F-11D3-BF4B-00C04F79EFBC}") = "TaskBoardTests", "TaskBoardTests\TaskBoardTests.csproj", "{A3EC84A1-AE76-4ED3-9237-31030FD120E2}"
EndProject
Global
	GlobalSection(SolutionConfigurationPlatforms) = preSolution
		Debug|Any CPU = Debug|Any CPU
		Release|Any CPU = Release|Any CPU
	EndGlobalSection
	GlobalSection(ProjectConfigurationPlatforms) = postSolution
		{136653B3-4FA1-4CBF-8B9D-C40BAC88CDC9}.Debug|Any CPU.ActiveCfg = Debug|Any CPU
		{136653B3-4FA1-4CBF-8B9D-C40BAC88CDC9}.Debug|Any CPU.Build.0 = Debug|Any CPU
		{136653B3-4FA1-4CBF-8B9D-C40BAC88CDC9}.Release|Any CPU.ActiveCfg = Release|Any CPU
		{136653B3-4FA1-4CBF-8B9D-C40BAC88CDC9}.Release|Any CPU.Build.0 = Release|Any CPU
		{A3EC84A1-AE76-4ED3-9237-31030FD120E2}.Debug|Any CPU.ActiveCfg = Debug|Any CPU
		{A3EC84A1-AE76-4ED3-9237-31030FD120E2}.Debug|Any CPU.Build.0 = Debug|Any CPU
		{A3EC84A1-AE76-4ED3-9237-31030FD120E2}.Release|Any CPU.ActiveCfg = Release|Any CPU
		{A3EC84A1-AE76-4ED3-9237-31030FD120E2}.Release|Any CPU.Build.0 = Release|Any CPU
	EndGlobalSection
	GlobalSection(SolutionProperties) = preSolution
		HideSolutionNode = FALSE
	EndGlobalSection
	GlobalSection(ExtensibilityGlobals) = postSolution
		SolutionGuid = {F909AB73-7AA4-4BD6-960D-8EE71591FED3}
	EndGlobalSection
EndGlobal
